// !$*UTF8*$!
{
	archiveVersion = 1;
	classes = {
	};
	objectVersion = 51;
	objects = {

/* Begin PBXBuildFile section */
		04056A6923E1E28000153B52 /* HomeViewController.swift in Sources */ = {isa = PBXBuildFile; fileRef = 04056A6823E1E28000153B52 /* HomeViewController.swift */; };
		040E680123DC2ABE00A03601 /* ArtInfoViewController.swift in Sources */ = {isa = PBXBuildFile; fileRef = 040E680023DC2ABE00A03601 /* ArtInfoViewController.swift */; };
		04110BA623DC1AE600088A2D /* stkjny05.png in Resources */ = {isa = PBXBuildFile; fileRef = 04110BA523DC1AE600088A2D /* stkjny05.png */; };
		04286D2B23E4E2ED00B8B547 /* chang.png in Resources */ = {isa = PBXBuildFile; fileRef = 04286D2923E4E2EC00B8B547 /* chang.png */; };
		04286D2C23E4E2ED00B8B547 /* chang-l.png in Resources */ = {isa = PBXBuildFile; fileRef = 04286D2A23E4E2ED00B8B547 /* chang-l.png */; };
		04286D2E23E4F20100B8B547 /* WatViewController.swift in Sources */ = {isa = PBXBuildFile; fileRef = 04286D2D23E4F20100B8B547 /* WatViewController.swift */; };
		043D022F23A8A6A50046AA4E /* AppDelegate.swift in Sources */ = {isa = PBXBuildFile; fileRef = 043D022E23A8A6A50046AA4E /* AppDelegate.swift */; };
		043D023123A8A6A50046AA4E /* SceneDelegate.swift in Sources */ = {isa = PBXBuildFile; fileRef = 043D023023A8A6A50046AA4E /* SceneDelegate.swift */; };
		043D023623A8A6A50046AA4E /* Main.storyboard in Resources */ = {isa = PBXBuildFile; fileRef = 043D023423A8A6A50046AA4E /* Main.storyboard */; };
		043D023923A8A6A50046AA4E /* Srivilaiproj.xcdatamodeld in Sources */ = {isa = PBXBuildFile; fileRef = 043D023723A8A6A50046AA4E /* Srivilaiproj.xcdatamodeld */; };
		043D023E23A8A6A60046AA4E /* LaunchScreen.storyboard in Resources */ = {isa = PBXBuildFile; fileRef = 043D023C23A8A6A60046AA4E /* LaunchScreen.storyboard */; };
		0440324123ABA19900C1A060 /* ScanViewController.swift in Sources */ = {isa = PBXBuildFile; fileRef = 0440324023ABA19900C1A060 /* ScanViewController.swift */; };
		044164F223F6E028007F0F93 /* LocationImageCollectionViewCell.swift in Sources */ = {isa = PBXBuildFile; fileRef = 044164F123F6E028007F0F93 /* LocationImageCollectionViewCell.swift */; };
		044F2D2523D728CF001F544E /* ARScanViewController.swift in Sources */ = {isa = PBXBuildFile; fileRef = 044F2D2423D728CF001F544E /* ARScanViewController.swift */; };
		044F2D2F23D7344C001F544E /* alpha.png in Resources */ = {isa = PBXBuildFile; fileRef = 044F2D2E23D7344C001F544E /* alpha.png */; };
		044F2D3123D7379A001F544E /* scene.scnassets in Resources */ = {isa = PBXBuildFile; fileRef = 044F2D3023D7379A001F544E /* scene.scnassets */; };
		044F2D3323D98804001F544E /* GoogleService-Info.plist in Resources */ = {isa = PBXBuildFile; fileRef = 044F2D3223D98803001F544E /* GoogleService-Info.plist */; };
		046E7C69240253B300689018 /* yaksa.gif in Resources */ = {isa = PBXBuildFile; fileRef = 046E7C68240253B300689018 /* yaksa.gif */; };
		046E7C6B2402546F00689018 /* ShowModelViewController.swift in Sources */ = {isa = PBXBuildFile; fileRef = 046E7C6A2402546F00689018 /* ShowModelViewController.swift */; };
		046E7C6D24025C7000689018 /* ModelDetailViewController.swift in Sources */ = {isa = PBXBuildFile; fileRef = 046E7C6C24025C7000689018 /* ModelDetailViewController.swift */; };
		046E7C6F240266F300689018 /* MuseumDetailViewController.swift in Sources */ = {isa = PBXBuildFile; fileRef = 046E7C6E240266F300689018 /* MuseumDetailViewController.swift */; };
		046F41F323E28BCA00E2A4D9 /* InfoHistoricalViewController.swift in Sources */ = {isa = PBXBuildFile; fileRef = 046F41F223E28BCA00E2A4D9 /* InfoHistoricalViewController.swift */; };
		04B3AD1B23FEC64E00FC95CC /* MapImageViewController.swift in Sources */ = {isa = PBXBuildFile; fileRef = 04B3AD1A23FEC64E00FC95CC /* MapImageViewController.swift */; };
		04B3AD1D23FEC8E700FC95CC /* FullImageCollectionViewCell.swift in Sources */ = {isa = PBXBuildFile; fileRef = 04B3AD1C23FEC8E700FC95CC /* FullImageCollectionViewCell.swift */; };
		04B3AD2023FED1DC00FC95CC /* ScanQRViewController.swift in Sources */ = {isa = PBXBuildFile; fileRef = 04B3AD1F23FED1DC00FC95CC /* ScanQRViewController.swift */; };
		04C6FE7E23F28F8900C42FAF /* MapViewController.swift in Sources */ = {isa = PBXBuildFile; fileRef = 04C6FE7D23F28F8900C42FAF /* MapViewController.swift */; };
		04C6FE8023F2962500C42FAF /* MapDetailViewController.swift in Sources */ = {isa = PBXBuildFile; fileRef = 04C6FE7F23F2962500C42FAF /* MapDetailViewController.swift */; };
		04DFF86623A94D4800EAF2A5 /* Extensions.swift in Sources */ = {isa = PBXBuildFile; fileRef = 04DFF86523A94D4800EAF2A5 /* Extensions.swift */; };
		04EB6AF123E47A34004F7F19 /* Assets.xcassets in Resources */ = {isa = PBXBuildFile; fileRef = 04EB6AF023E47A34004F7F19 /* Assets.xcassets */; };
		04ECA6F823AB768F00CB069D /* ViewController.swift in Sources */ = {isa = PBXBuildFile; fileRef = 04ECA6F723AB768F00CB069D /* ViewController.swift */; };
		04ECA6FE23AB877C00CB069D /* WebViewController.swift in Sources */ = {isa = PBXBuildFile; fileRef = 04ECA6FD23AB877C00CB069D /* WebViewController.swift */; };
		0FDA4929425DFC8C39D8E3CD /* Pods_Srivilaiproj.framework in Frameworks */ = {isa = PBXBuildFile; fileRef = 0DB6B83B33DD876135B4A589 /* Pods_Srivilaiproj.framework */; };
/* End PBXBuildFile section */

/* Begin PBXFileReference section */
		04056A6823E1E28000153B52 /* HomeViewController.swift */ = {isa = PBXFileReference; lastKnownFileType = sourcecode.swift; path = HomeViewController.swift; sourceTree = "<group>"; };
		040E680023DC2ABE00A03601 /* ArtInfoViewController.swift */ = {isa = PBXFileReference; lastKnownFileType = sourcecode.swift; path = ArtInfoViewController.swift; sourceTree = "<group>"; };
		04110BA523DC1AE600088A2D /* stkjny05.png */ = {isa = PBXFileReference; lastKnownFileType = image.png; path = stkjny05.png; sourceTree = "<group>"; };
		04286D2923E4E2EC00B8B547 /* chang.png */ = {isa = PBXFileReference; lastKnownFileType = image.png; path = chang.png; sourceTree = "<group>"; };
		04286D2A23E4E2ED00B8B547 /* chang-l.png */ = {isa = PBXFileReference; lastKnownFileType = image.png; path = "chang-l.png"; sourceTree = "<group>"; };
		04286D2D23E4F20100B8B547 /* WatViewController.swift */ = {isa = PBXFileReference; lastKnownFileType = sourcecode.swift; path = WatViewController.swift; sourceTree = "<group>"; };
		043D022B23A8A6A50046AA4E /* Srivilaiproj.app */ = {isa = PBXFileReference; explicitFileType = wrapper.application; includeInIndex = 0; path = Srivilaiproj.app; sourceTree = BUILT_PRODUCTS_DIR; };
		043D022E23A8A6A50046AA4E /* AppDelegate.swift */ = {isa = PBXFileReference; lastKnownFileType = sourcecode.swift; path = AppDelegate.swift; sourceTree = "<group>"; };
		043D023023A8A6A50046AA4E /* SceneDelegate.swift */ = {isa = PBXFileReference; lastKnownFileType = sourcecode.swift; path = SceneDelegate.swift; sourceTree = "<group>"; };
		043D023523A8A6A50046AA4E /* Base */ = {isa = PBXFileReference; lastKnownFileType = file.storyboard; name = Base; path = Base.lproj/Main.storyboard; sourceTree = "<group>"; };
		043D023823A8A6A50046AA4E /* Srivilaiproj.xcdatamodel */ = {isa = PBXFileReference; lastKnownFileType = wrapper.xcdatamodel; path = Srivilaiproj.xcdatamodel; sourceTree = "<group>"; };
		043D023D23A8A6A60046AA4E /* Base */ = {isa = PBXFileReference; lastKnownFileType = file.storyboard; name = Base; path = Base.lproj/LaunchScreen.storyboard; sourceTree = "<group>"; };
		043D023F23A8A6A60046AA4E /* Info.plist */ = {isa = PBXFileReference; lastKnownFileType = text.plist.xml; path = Info.plist; sourceTree = "<group>"; };
		0440324023ABA19900C1A060 /* ScanViewController.swift */ = {isa = PBXFileReference; lastKnownFileType = sourcecode.swift; path = ScanViewController.swift; sourceTree = "<group>"; };
		044164F123F6E028007F0F93 /* LocationImageCollectionViewCell.swift */ = {isa = PBXFileReference; lastKnownFileType = sourcecode.swift; path = LocationImageCollectionViewCell.swift; sourceTree = "<group>"; };
		044F2D2423D728CF001F544E /* ARScanViewController.swift */ = {isa = PBXFileReference; lastKnownFileType = sourcecode.swift; path = ARScanViewController.swift; sourceTree = "<group>"; };
		044F2D2E23D7344C001F544E /* alpha.png */ = {isa = PBXFileReference; lastKnownFileType = image.png; path = alpha.png; sourceTree = "<group>"; };
		044F2D3023D7379A001F544E /* scene.scnassets */ = {isa = PBXFileReference; lastKnownFileType = wrapper.scnassets; path = scene.scnassets; sourceTree = "<group>"; };
		044F2D3223D98803001F544E /* GoogleService-Info.plist */ = {isa = PBXFileReference; fileEncoding = 4; lastKnownFileType = text.plist.xml; path = "GoogleService-Info.plist"; sourceTree = "<group>"; };
		046E7C68240253B300689018 /* yaksa.gif */ = {isa = PBXFileReference; lastKnownFileType = image.gif; path = yaksa.gif; sourceTree = "<group>"; };
		046E7C6A2402546F00689018 /* ShowModelViewController.swift */ = {isa = PBXFileReference; lastKnownFileType = sourcecode.swift; path = ShowModelViewController.swift; sourceTree = "<group>"; };
		046E7C6C24025C7000689018 /* ModelDetailViewController.swift */ = {isa = PBXFileReference; lastKnownFileType = sourcecode.swift; path = ModelDetailViewController.swift; sourceTree = "<group>"; };
		046E7C6E240266F300689018 /* MuseumDetailViewController.swift */ = {isa = PBXFileReference; lastKnownFileType = sourcecode.swift; path = MuseumDetailViewController.swift; sourceTree = "<group>"; };
		046F41F223E28BCA00E2A4D9 /* InfoHistoricalViewController.swift */ = {isa = PBXFileReference; lastKnownFileType = sourcecode.swift; path = InfoHistoricalViewController.swift; sourceTree = "<group>"; };
		04B3AD1A23FEC64E00FC95CC /* MapImageViewController.swift */ = {isa = PBXFileReference; lastKnownFileType = sourcecode.swift; path = MapImageViewController.swift; sourceTree = "<group>"; };
		04B3AD1C23FEC8E700FC95CC /* FullImageCollectionViewCell.swift */ = {isa = PBXFileReference; lastKnownFileType = sourcecode.swift; path = FullImageCollectionViewCell.swift; sourceTree = "<group>"; };
		04B3AD1F23FED1DC00FC95CC /* ScanQRViewController.swift */ = {isa = PBXFileReference; lastKnownFileType = sourcecode.swift; path = ScanQRViewController.swift; sourceTree = "<group>"; };
		04C6FE7D23F28F8900C42FAF /* MapViewController.swift */ = {isa = PBXFileReference; lastKnownFileType = sourcecode.swift; path = MapViewController.swift; sourceTree = "<group>"; };
		04C6FE7F23F2962500C42FAF /* MapDetailViewController.swift */ = {isa = PBXFileReference; lastKnownFileType = sourcecode.swift; path = MapDetailViewController.swift; sourceTree = "<group>"; };
		04DFF86523A94D4800EAF2A5 /* Extensions.swift */ = {isa = PBXFileReference; lastKnownFileType = sourcecode.swift; path = Extensions.swift; sourceTree = "<group>"; };
		04EB6AF023E47A34004F7F19 /* Assets.xcassets */ = {isa = PBXFileReference; lastKnownFileType = folder.assetcatalog; path = Assets.xcassets; sourceTree = "<group>"; };
		04ECA6F723AB768F00CB069D /* ViewController.swift */ = {isa = PBXFileReference; lastKnownFileType = sourcecode.swift; path = ViewController.swift; sourceTree = "<group>"; };
		04ECA6FD23AB877C00CB069D /* WebViewController.swift */ = {isa = PBXFileReference; lastKnownFileType = sourcecode.swift; path = WebViewController.swift; sourceTree = "<group>"; };
		0DB6B83B33DD876135B4A589 /* Pods_Srivilaiproj.framework */ = {isa = PBXFileReference; explicitFileType = wrapper.framework; includeInIndex = 0; path = Pods_Srivilaiproj.framework; sourceTree = BUILT_PRODUCTS_DIR; };
		117FB033147AC8639AAC0A2E /* Pods-Srivilaiproj.release.xcconfig */ = {isa = PBXFileReference; includeInIndex = 1; lastKnownFileType = text.xcconfig; name = "Pods-Srivilaiproj.release.xcconfig"; path = "Target Support Files/Pods-Srivilaiproj/Pods-Srivilaiproj.release.xcconfig"; sourceTree = "<group>"; };
		EB2E4BFE22F6731BB1B24382 /* Pods-Srivilaiproj.debug.xcconfig */ = {isa = PBXFileReference; includeInIndex = 1; lastKnownFileType = text.xcconfig; name = "Pods-Srivilaiproj.debug.xcconfig"; path = "Target Support Files/Pods-Srivilaiproj/Pods-Srivilaiproj.debug.xcconfig"; sourceTree = "<group>"; };
/* End PBXFileReference section */

/* Begin PBXFrameworksBuildPhase section */
		043D022823A8A6A50046AA4E /* Frameworks */ = {
			isa = PBXFrameworksBuildPhase;
			buildActionMask = 2147483647;
			files = (
				0FDA4929425DFC8C39D8E3CD /* Pods_Srivilaiproj.framework in Frameworks */,
			);
			runOnlyForDeploymentPostprocessing = 0;
		};
/* End PBXFrameworksBuildPhase section */

/* Begin PBXGroup section */
		043D022223A8A6A50046AA4E = {
			isa = PBXGroup;
			children = (
				04DFF85E23A91D5E00EAF2A5 /* Controller */,
				043D022D23A8A6A50046AA4E /* Srivilaiproj */,
				044F2D3223D98803001F544E /* GoogleService-Info.plist */,
				043D022C23A8A6A50046AA4E /* Products */,
				43DF6B88F54C6719B69EDCA5 /* Pods */,
				8A3FD0D09C00D73A913E8910 /* Frameworks */,
			);
			sourceTree = "<group>";
		};
		043D022C23A8A6A50046AA4E /* Products */ = {
			isa = PBXGroup;
			children = (
				043D022B23A8A6A50046AA4E /* Srivilaiproj.app */,
			);
			name = Products;
			sourceTree = "<group>";
		};
		043D022D23A8A6A50046AA4E /* Srivilaiproj */ = {
			isa = PBXGroup;
			children = (
				046E7C672402539B00689018 /* gif */,
				044F2D2923D7336F001F544E /* Image */,
				04B3AD1E23FED1A100FC95CC /* Museum */,
				044F2D2323D7289C001F544E /* Scan */,
				04C6FE7C23F28F6B00C42FAF /* Map */,
				04DFF86523A94D4800EAF2A5 /* Extensions.swift */,
				043D022E23A8A6A50046AA4E /* AppDelegate.swift */,
				043D023023A8A6A50046AA4E /* SceneDelegate.swift */,
				04EB6AF023E47A34004F7F19 /* Assets.xcassets */,
				043D023423A8A6A50046AA4E /* Main.storyboard */,
				043D023C23A8A6A60046AA4E /* LaunchScreen.storyboard */,
				043D023F23A8A6A60046AA4E /* Info.plist */,
				043D023723A8A6A50046AA4E /* Srivilaiproj.xcdatamodeld */,
				044F2D3023D7379A001F544E /* scene.scnassets */,
			);
			path = Srivilaiproj;
			sourceTree = "<group>";
		};
		044F2D2323D7289C001F544E /* Scan */ = {
			isa = PBXGroup;
			children = (
				044F2D2423D728CF001F544E /* ARScanViewController.swift */,
				040E680023DC2ABE00A03601 /* ArtInfoViewController.swift */,
				04056A6823E1E28000153B52 /* HomeViewController.swift */,
				046F41F223E28BCA00E2A4D9 /* InfoHistoricalViewController.swift */,
				04286D2D23E4F20100B8B547 /* WatViewController.swift */,
			);
			path = Scan;
			sourceTree = "<group>";
		};
		044F2D2923D7336F001F544E /* Image */ = {
			isa = PBXGroup;
			children = (
				04110BA523DC1AE600088A2D /* stkjny05.png */,
				04286D2A23E4E2ED00B8B547 /* chang-l.png */,
				04286D2923E4E2EC00B8B547 /* chang.png */,
				044F2D2E23D7344C001F544E /* alpha.png */,
			);
			path = Image;
			sourceTree = "<group>";
		};
		046E7C672402539B00689018 /* gif */ = {
			isa = PBXGroup;
			children = (
				046E7C68240253B300689018 /* yaksa.gif */,
			);
			path = gif;
			sourceTree = "<group>";
		};
		04B3AD1E23FED1A100FC95CC /* Museum */ = {
			isa = PBXGroup;
			children = (
				046E7C6E240266F300689018 /* MuseumDetailViewController.swift */,
				04B3AD1F23FED1DC00FC95CC /* ScanQRViewController.swift */,
				046E7C6A2402546F00689018 /* ShowModelViewController.swift */,
				046E7C6C24025C7000689018 /* ModelDetailViewController.swift */,
			);
			path = Museum;
			sourceTree = "<group>";
		};
		04C6FE7C23F28F6B00C42FAF /* Map */ = {
			isa = PBXGroup;
			children = (
				04C6FE7D23F28F8900C42FAF /* MapViewController.swift */,
				04C6FE7F23F2962500C42FAF /* MapDetailViewController.swift */,
				044164F123F6E028007F0F93 /* LocationImageCollectionViewCell.swift */,
				04B3AD1A23FEC64E00FC95CC /* MapImageViewController.swift */,
				04B3AD1C23FEC8E700FC95CC /* FullImageCollectionViewCell.swift */,
			);
			path = Map;
			sourceTree = "<group>";
		};
		04DFF85E23A91D5E00EAF2A5 /* Controller */ = {
			isa = PBXGroup;
			children = (
				04ECA6F723AB768F00CB069D /* ViewController.swift */,
				04ECA6FD23AB877C00CB069D /* WebViewController.swift */,
				0440324023ABA19900C1A060 /* ScanViewController.swift */,
			);
			path = Controller;
			sourceTree = "<group>";
		};
		43DF6B88F54C6719B69EDCA5 /* Pods */ = {
			isa = PBXGroup;
			children = (
				EB2E4BFE22F6731BB1B24382 /* Pods-Srivilaiproj.debug.xcconfig */,
				117FB033147AC8639AAC0A2E /* Pods-Srivilaiproj.release.xcconfig */,
			);
			path = Pods;
			sourceTree = "<group>";
		};
		8A3FD0D09C00D73A913E8910 /* Frameworks */ = {
			isa = PBXGroup;
			children = (
				0DB6B83B33DD876135B4A589 /* Pods_Srivilaiproj.framework */,
			);
			name = Frameworks;
			sourceTree = "<group>";
		};
/* End PBXGroup section */

/* Begin PBXNativeTarget section */
		043D022A23A8A6A50046AA4E /* Srivilaiproj */ = {
			isa = PBXNativeTarget;
			buildConfigurationList = 043D024223A8A6A60046AA4E /* Build configuration list for PBXNativeTarget "Srivilaiproj" */;
			buildPhases = (
				42CEE8A642972EC7D14A906C /* [CP] Check Pods Manifest.lock */,
				043D022723A8A6A50046AA4E /* Sources */,
				043D022823A8A6A50046AA4E /* Frameworks */,
				043D022923A8A6A50046AA4E /* Resources */,
				7C67B15499DAB197DB31E192 /* [CP] Embed Pods Frameworks */,
				3893DB76CD8209775ECB76C8 /* [CP] Copy Pods Resources */,
			);
			buildRules = (
			);
			dependencies = (
			);
			name = Srivilaiproj;
			productName = Srivilaiproj;
			productReference = 043D022B23A8A6A50046AA4E /* Srivilaiproj.app */;
			productType = "com.apple.product-type.application";
		};
/* End PBXNativeTarget section */

/* Begin PBXProject section */
		043D022323A8A6A50046AA4E /* Project object */ = {
			isa = PBXProject;
			attributes = {
				LastSwiftUpdateCheck = 1120;
				LastUpgradeCheck = 1120;
				ORGANIZATIONNAME = siwa;
				TargetAttributes = {
					043D022A23A8A6A50046AA4E = {
						CreatedOnToolsVersion = 11.2.1;
					};
				};
			};
			buildConfigurationList = 043D022623A8A6A50046AA4E /* Build configuration list for PBXProject "Srivilaiproj" */;
			compatibilityVersion = "Xcode 9.3";
			developmentRegion = en;
			hasScannedForEncodings = 0;
			knownRegions = (
				en,
				Base,
			);
			mainGroup = 043D022223A8A6A50046AA4E;
			productRefGroup = 043D022C23A8A6A50046AA4E /* Products */;
			projectDirPath = "";
			projectRoot = "";
			targets = (
				043D022A23A8A6A50046AA4E /* Srivilaiproj */,
			);
		};
/* End PBXProject section */

/* Begin PBXResourcesBuildPhase section */
		043D022923A8A6A50046AA4E /* Resources */ = {
			isa = PBXResourcesBuildPhase;
			buildActionMask = 2147483647;
			files = (
				046E7C69240253B300689018 /* yaksa.gif in Resources */,
				04286D2C23E4E2ED00B8B547 /* chang-l.png in Resources */,
				044F2D3123D7379A001F544E /* scene.scnassets in Resources */,
				043D023E23A8A6A60046AA4E /* LaunchScreen.storyboard in Resources */,
				044F2D2F23D7344C001F544E /* alpha.png in Resources */,
				043D023623A8A6A50046AA4E /* Main.storyboard in Resources */,
				04EB6AF123E47A34004F7F19 /* Assets.xcassets in Resources */,
				04286D2B23E4E2ED00B8B547 /* chang.png in Resources */,
				04110BA623DC1AE600088A2D /* stkjny05.png in Resources */,
				044F2D3323D98804001F544E /* GoogleService-Info.plist in Resources */,
			);
			runOnlyForDeploymentPostprocessing = 0;
		};
/* End PBXResourcesBuildPhase section */

/* Begin PBXShellScriptBuildPhase section */
		3893DB76CD8209775ECB76C8 /* [CP] Copy Pods Resources */ = {
			isa = PBXShellScriptBuildPhase;
			buildActionMask = 2147483647;
			files = (
			);
			inputFileListPaths = (
				"${PODS_ROOT}/Target Support Files/Pods-Srivilaiproj/Pods-Srivilaiproj-resources-${CONFIGURATION}-input-files.xcfilelist",
			);
			name = "[CP] Copy Pods Resources";
			outputFileListPaths = (
				"${PODS_ROOT}/Target Support Files/Pods-Srivilaiproj/Pods-Srivilaiproj-resources-${CONFIGURATION}-output-files.xcfilelist",
			);
			runOnlyForDeploymentPostprocessing = 0;
			shellPath = /bin/sh;
			shellScript = "\"${PODS_ROOT}/Target Support Files/Pods-Srivilaiproj/Pods-Srivilaiproj-resources.sh\"\n";
			showEnvVarsInLog = 0;
		};
		42CEE8A642972EC7D14A906C /* [CP] Check Pods Manifest.lock */ = {
			isa = PBXShellScriptBuildPhase;
			buildActionMask = 2147483647;
			files = (
			);
			inputFileListPaths = (
			);
			inputPaths = (
				"${PODS_PODFILE_DIR_PATH}/Podfile.lock",
				"${PODS_ROOT}/Manifest.lock",
			);
			name = "[CP] Check Pods Manifest.lock";
			outputFileListPaths = (
			);
			outputPaths = (
				"$(DERIVED_FILE_DIR)/Pods-Srivilaiproj-checkManifestLockResult.txt",
			);
			runOnlyForDeploymentPostprocessing = 0;
			shellPath = /bin/sh;
			shellScript = "diff \"${PODS_PODFILE_DIR_PATH}/Podfile.lock\" \"${PODS_ROOT}/Manifest.lock\" > /dev/null\nif [ $? != 0 ] ; then\n    # print error to STDERR\n    echo \"error: The sandbox is not in sync with the Podfile.lock. Run 'pod install' or update your CocoaPods installation.\" >&2\n    exit 1\nfi\n# This output is used by Xcode 'outputs' to avoid re-running this script phase.\necho \"SUCCESS\" > \"${SCRIPT_OUTPUT_FILE_0}\"\n";
			showEnvVarsInLog = 0;
		};
		7C67B15499DAB197DB31E192 /* [CP] Embed Pods Frameworks */ = {
			isa = PBXShellScriptBuildPhase;
			buildActionMask = 2147483647;
			files = (
			);
			inputFileListPaths = (
				"${PODS_ROOT}/Target Support Files/Pods-Srivilaiproj/Pods-Srivilaiproj-frameworks-${CONFIGURATION}-input-files.xcfilelist",
			);
			name = "[CP] Embed Pods Frameworks";
			outputFileListPaths = (
				"${PODS_ROOT}/Target Support Files/Pods-Srivilaiproj/Pods-Srivilaiproj-frameworks-${CONFIGURATION}-output-files.xcfilelist",
			);
			runOnlyForDeploymentPostprocessing = 0;
			shellPath = /bin/sh;
			shellScript = "\"${PODS_ROOT}/Target Support Files/Pods-Srivilaiproj/Pods-Srivilaiproj-frameworks.sh\"\n";
			showEnvVarsInLog = 0;
		};
/* End PBXShellScriptBuildPhase section */

/* Begin PBXSourcesBuildPhase section */
		043D022723A8A6A50046AA4E /* Sources */ = {
			isa = PBXSourcesBuildPhase;
			buildActionMask = 2147483647;
			files = (
				04DFF86623A94D4800EAF2A5 /* Extensions.swift in Sources */,
				04286D2E23E4F20100B8B547 /* WatViewController.swift in Sources */,
				04B3AD2023FED1DC00FC95CC /* ScanQRViewController.swift in Sources */,
				04B3AD1D23FEC8E700FC95CC /* FullImageCollectionViewCell.swift in Sources */,
				043D022F23A8A6A50046AA4E /* AppDelegate.swift in Sources */,
				046E7C6B2402546F00689018 /* ShowModelViewController.swift in Sources */,
				044164F223F6E028007F0F93 /* LocationImageCollectionViewCell.swift in Sources */,
				046F41F323E28BCA00E2A4D9 /* InfoHistoricalViewController.swift in Sources */,
				04C6FE8023F2962500C42FAF /* MapDetailViewController.swift in Sources */,
				04ECA6F823AB768F00CB069D /* ViewController.swift in Sources */,
				04B3AD1B23FEC64E00FC95CC /* MapImageViewController.swift in Sources */,
				046E7C6F240266F300689018 /* MuseumDetailViewController.swift in Sources */,
				04056A6923E1E28000153B52 /* HomeViewController.swift in Sources */,
				04C6FE7E23F28F8900C42FAF /* MapViewController.swift in Sources */,
				046E7C6D24025C7000689018 /* ModelDetailViewController.swift in Sources */,
				04ECA6FE23AB877C00CB069D /* WebViewController.swift in Sources */,
				040E680123DC2ABE00A03601 /* ArtInfoViewController.swift in Sources */,
				043D023123A8A6A50046AA4E /* SceneDelegate.swift in Sources */,
				043D023923A8A6A50046AA4E /* Srivilaiproj.xcdatamodeld in Sources */,
				044F2D2523D728CF001F544E /* ARScanViewController.swift in Sources */,
				0440324123ABA19900C1A060 /* ScanViewController.swift in Sources */,
			);
			runOnlyForDeploymentPostprocessing = 0;
		};
/* End PBXSourcesBuildPhase section */

/* Begin PBXVariantGroup section */
		043D023423A8A6A50046AA4E /* Main.storyboard */ = {
			isa = PBXVariantGroup;
			children = (
				043D023523A8A6A50046AA4E /* Base */,
			);
			name = Main.storyboard;
			sourceTree = "<group>";
		};
		043D023C23A8A6A60046AA4E /* LaunchScreen.storyboard */ = {
			isa = PBXVariantGroup;
			children = (
				043D023D23A8A6A60046AA4E /* Base */,
			);
			name = LaunchScreen.storyboard;
			sourceTree = "<group>";
		};
/* End PBXVariantGroup section */

/* Begin XCBuildConfiguration section */
		043D024023A8A6A60046AA4E /* Debug */ = {
			isa = XCBuildConfiguration;
			buildSettings = {
				ALWAYS_SEARCH_USER_PATHS = NO;
				CLANG_ANALYZER_NONNULL = YES;
				CLANG_ANALYZER_NUMBER_OBJECT_CONVERSION = YES_AGGRESSIVE;
				CLANG_CXX_LANGUAGE_STANDARD = "gnu++14";
				CLANG_CXX_LIBRARY = "libc++";
				CLANG_ENABLE_MODULES = YES;
				CLANG_ENABLE_OBJC_ARC = YES;
				CLANG_ENABLE_OBJC_WEAK = YES;
				CLANG_WARN_BLOCK_CAPTURE_AUTORELEASING = YES;
				CLANG_WARN_BOOL_CONVERSION = YES;
				CLANG_WARN_COMMA = YES;
				CLANG_WARN_CONSTANT_CONVERSION = YES;
				CLANG_WARN_DEPRECATED_OBJC_IMPLEMENTATIONS = YES;
				CLANG_WARN_DIRECT_OBJC_ISA_USAGE = YES_ERROR;
				CLANG_WARN_DOCUMENTATION_COMMENTS = YES;
				CLANG_WARN_EMPTY_BODY = YES;
				CLANG_WARN_ENUM_CONVERSION = YES;
				CLANG_WARN_INFINITE_RECURSION = YES;
				CLANG_WARN_INT_CONVERSION = YES;
				CLANG_WARN_NON_LITERAL_NULL_CONVERSION = YES;
				CLANG_WARN_OBJC_IMPLICIT_RETAIN_SELF = YES;
				CLANG_WARN_OBJC_LITERAL_CONVERSION = YES;
				CLANG_WARN_OBJC_ROOT_CLASS = YES_ERROR;
				CLANG_WARN_RANGE_LOOP_ANALYSIS = YES;
				CLANG_WARN_STRICT_PROTOTYPES = YES;
				CLANG_WARN_SUSPICIOUS_MOVE = YES;
				CLANG_WARN_UNGUARDED_AVAILABILITY = YES_AGGRESSIVE;
				CLANG_WARN_UNREACHABLE_CODE = YES;
				CLANG_WARN__DUPLICATE_METHOD_MATCH = YES;
				COPY_PHASE_STRIP = NO;
				DEBUG_INFORMATION_FORMAT = dwarf;
				ENABLE_STRICT_OBJC_MSGSEND = YES;
				ENABLE_TESTABILITY = YES;
				GCC_C_LANGUAGE_STANDARD = gnu11;
				GCC_DYNAMIC_NO_PIC = NO;
				GCC_NO_COMMON_BLOCKS = YES;
				GCC_OPTIMIZATION_LEVEL = 0;
				GCC_PREPROCESSOR_DEFINITIONS = (
					"DEBUG=1",
					"$(inherited)",
				);
				GCC_WARN_64_TO_32_BIT_CONVERSION = YES;
				GCC_WARN_ABOUT_RETURN_TYPE = YES_ERROR;
				GCC_WARN_UNDECLARED_SELECTOR = YES;
				GCC_WARN_UNINITIALIZED_AUTOS = YES_AGGRESSIVE;
				GCC_WARN_UNUSED_FUNCTION = YES;
				GCC_WARN_UNUSED_VARIABLE = YES;
				IPHONEOS_DEPLOYMENT_TARGET = 13.2;
				MTL_ENABLE_DEBUG_INFO = INCLUDE_SOURCE;
				MTL_FAST_MATH = YES;
				ONLY_ACTIVE_ARCH = YES;
				SDKROOT = iphoneos;
				SWIFT_ACTIVE_COMPILATION_CONDITIONS = DEBUG;
				SWIFT_OPTIMIZATION_LEVEL = "-Onone";
			};
			name = Debug;
		};
		043D024123A8A6A60046AA4E /* Release */ = {
			isa = XCBuildConfiguration;
			buildSettings = {
				ALWAYS_SEARCH_USER_PATHS = NO;
				CLANG_ANALYZER_NONNULL = YES;
				CLANG_ANALYZER_NUMBER_OBJECT_CONVERSION = YES_AGGRESSIVE;
				CLANG_CXX_LANGUAGE_STANDARD = "gnu++14";
				CLANG_CXX_LIBRARY = "libc++";
				CLANG_ENABLE_MODULES = YES;
				CLANG_ENABLE_OBJC_ARC = YES;
				CLANG_ENABLE_OBJC_WEAK = YES;
				CLANG_WARN_BLOCK_CAPTURE_AUTORELEASING = YES;
				CLANG_WARN_BOOL_CONVERSION = YES;
				CLANG_WARN_COMMA = YES;
				CLANG_WARN_CONSTANT_CONVERSION = YES;
				CLANG_WARN_DEPRECATED_OBJC_IMPLEMENTATIONS = YES;
				CLANG_WARN_DIRECT_OBJC_ISA_USAGE = YES_ERROR;
				CLANG_WARN_DOCUMENTATION_COMMENTS = YES;
				CLANG_WARN_EMPTY_BODY = YES;
				CLANG_WARN_ENUM_CONVERSION = YES;
				CLANG_WARN_INFINITE_RECURSION = YES;
				CLANG_WARN_INT_CONVERSION = YES;
				CLANG_WARN_NON_LITERAL_NULL_CONVERSION = YES;
				CLANG_WARN_OBJC_IMPLICIT_RETAIN_SELF = YES;
				CLANG_WARN_OBJC_LITERAL_CONVERSION = YES;
				CLANG_WARN_OBJC_ROOT_CLASS = YES_ERROR;
				CLANG_WARN_RANGE_LOOP_ANALYSIS = YES;
				CLANG_WARN_STRICT_PROTOTYPES = YES;
				CLANG_WARN_SUSPICIOUS_MOVE = YES;
				CLANG_WARN_UNGUARDED_AVAILABILITY = YES_AGGRESSIVE;
				CLANG_WARN_UNREACHABLE_CODE = YES;
				CLANG_WARN__DUPLICATE_METHOD_MATCH = YES;
				COPY_PHASE_STRIP = NO;
				DEBUG_INFORMATION_FORMAT = "dwarf-with-dsym";
				ENABLE_NS_ASSERTIONS = NO;
				ENABLE_STRICT_OBJC_MSGSEND = YES;
				GCC_C_LANGUAGE_STANDARD = gnu11;
				GCC_NO_COMMON_BLOCKS = YES;
				GCC_WARN_64_TO_32_BIT_CONVERSION = YES;
				GCC_WARN_ABOUT_RETURN_TYPE = YES_ERROR;
				GCC_WARN_UNDECLARED_SELECTOR = YES;
				GCC_WARN_UNINITIALIZED_AUTOS = YES_AGGRESSIVE;
				GCC_WARN_UNUSED_FUNCTION = YES;
				GCC_WARN_UNUSED_VARIABLE = YES;
				IPHONEOS_DEPLOYMENT_TARGET = 13.2;
				MTL_ENABLE_DEBUG_INFO = NO;
				MTL_FAST_MATH = YES;
				SDKROOT = iphoneos;
				SWIFT_COMPILATION_MODE = wholemodule;
				SWIFT_OPTIMIZATION_LEVEL = "-O";
				VALIDATE_PRODUCT = YES;
			};
			name = Release;
		};
		043D024323A8A6A60046AA4E /* Debug */ = {
			isa = XCBuildConfiguration;
			baseConfigurationReference = EB2E4BFE22F6731BB1B24382 /* Pods-Srivilaiproj.debug.xcconfig */;
			buildSettings = {
				ASSETCATALOG_COMPILER_APPICON_NAME = AppIcon;
				CODE_SIGN_ENTITLEMENTS = Srivilaiproj/Srivilaiproj.entitlements;
				CODE_SIGN_STYLE = Automatic;
				DEVELOPMENT_TEAM = J4XMDKUJAG;
				INFOPLIST_FILE = Srivilaiproj/Info.plist;
				IPHONEOS_DEPLOYMENT_TARGET = 13.2;
				LD_RUNPATH_SEARCH_PATHS = (
					"$(inherited)",
					"@executable_path/Frameworks",
				);
				PRODUCT_BUNDLE_IDENTIFIER = com.historyproj.Srivilaiproj;
				PRODUCT_NAME = "$(TARGET_NAME)";
				SWIFT_VERSION = 5.0;
				TARGETED_DEVICE_FAMILY = "1,2";
			};
			name = Debug;
		};
		043D024423A8A6A60046AA4E /* Release */ = {
			isa = XCBuildConfiguration;
			baseConfigurationReference = 117FB033147AC8639AAC0A2E /* Pods-Srivilaiproj.release.xcconfig */;
			buildSettings = {
				ASSETCATALOG_COMPILER_APPICON_NAME = AppIcon;
				CODE_SIGN_ENTITLEMENTS = Srivilaiproj/Srivilaiproj.entitlements;
				CODE_SIGN_STYLE = Automatic;
				DEVELOPMENT_TEAM = J4XMDKUJAG;
				INFOPLIST_FILE = Srivilaiproj/Info.plist;
				IPHONEOS_DEPLOYMENT_TARGET = 13.2;
				LD_RUNPATH_SEARCH_PATHS = (
					"$(inherited)",
					"@executable_path/Frameworks",
				);
				PRODUCT_BUNDLE_IDENTIFIER = com.historyproj.Srivilaiproj;
				PRODUCT_NAME = "$(TARGET_NAME)";
				SWIFT_VERSION = 5.0;
				TARGETED_DEVICE_FAMILY = "1,2";
			};
			name = Release;
		};
/* End XCBuildConfiguration section */

/* Begin XCConfigurationList section */
		043D022623A8A6A50046AA4E /* Build configuration list for PBXProject "Srivilaiproj" */ = {
			isa = XCConfigurationList;
			buildConfigurations = (
				043D024023A8A6A60046AA4E /* Debug */,
				043D024123A8A6A60046AA4E /* Release */,
			);
			defaultConfigurationIsVisible = 0;
			defaultConfigurationName = Release;
		};
		043D024223A8A6A60046AA4E /* Build configuration list for PBXNativeTarget "Srivilaiproj" */ = {
			isa = XCConfigurationList;
			buildConfigurations = (
				043D024323A8A6A60046AA4E /* Debug */,
				043D024423A8A6A60046AA4E /* Release */,
			);
			defaultConfigurationIsVisible = 0;
			defaultConfigurationName = Release;
		};
/* End XCConfigurationList section */

/* Begin XCVersionGroup section */
		043D023723A8A6A50046AA4E /* Srivilaiproj.xcdatamodeld */ = {
			isa = XCVersionGroup;
			children = (
				043D023823A8A6A50046AA4E /* Srivilaiproj.xcdatamodel */,
			);
			currentVersion = 043D023823A8A6A50046AA4E /* Srivilaiproj.xcdatamodel */;
			path = Srivilaiproj.xcdatamodeld;
			sourceTree = "<group>";
			versionGroupType = wrapper.xcdatamodel;
		};
/* End XCVersionGroup section */
	};
	rootObject = 043D022323A8A6A50046AA4E /* Project object */;
}
